// !$*UTF8*$!
{
	archiveVersion = 1;
	classes = {
	};
	objectVersion = 56;
	objects = {

/* Begin PBXBuildFile section */
		2E382AC72CC5B3930042FC74 /* CoinDetail.swift in Sources */ = {isa = PBXBuildFile; fileRef = 2E382AC62CC5B3930042FC74 /* CoinDetail.swift */; };
		2E382ACB2CC5CFCD0042FC74 /* MockCoinsResponse.json in Resources */ = {isa = PBXBuildFile; fileRef = 2E382ACA2CC5CFCD0042FC74 /* MockCoinsResponse.json */; };
		2E382ADA2CC5D84F0042FC74 /* Roboto-Bold.ttf in Resources */ = {isa = PBXBuildFile; fileRef = 2E382AD52CC5D5630042FC74 /* Roboto-Bold.ttf */; };
		2E382ADB2CC5D84F0042FC74 /* Roboto-Italic.ttf in Resources */ = {isa = PBXBuildFile; fileRef = 2E382AD72CC5D5630042FC74 /* Roboto-Italic.ttf */; };
		2E382ADC2CC5D84F0042FC74 /* Roboto-Light.ttf in Resources */ = {isa = PBXBuildFile; fileRef = 2E382ACD2CC5D5630042FC74 /* Roboto-Light.ttf */; };
		2E382ADD2CC5D84F0042FC74 /* Roboto-Medium.ttf in Resources */ = {isa = PBXBuildFile; fileRef = 2E382AD02CC5D5630042FC74 /* Roboto-Medium.ttf */; };
		2E382ADE2CC5D84F0042FC74 /* Roboto-Regular.ttf in Resources */ = {isa = PBXBuildFile; fileRef = 2E382ACC2CC5D5630042FC74 /* Roboto-Regular.ttf */; };
		2E382AE32CC5F2A20042FC74 /* MockCoinDetailResponse.json in Resources */ = {isa = PBXBuildFile; fileRef = 2E382AE22CC5F2A20042FC74 /* MockCoinDetailResponse.json */; };
		2E382AE72CC6091D0042FC74 /* MockCoinPriceHistory.json in Resources */ = {isa = PBXBuildFile; fileRef = 2E382AE62CC6091D0042FC74 /* MockCoinPriceHistory.json */; };
		2E382AE92CC60A3C0042FC74 /* PriceHistory.swift in Sources */ = {isa = PBXBuildFile; fileRef = 2E382AE82CC60A3C0042FC74 /* PriceHistory.swift */; };
		2E7AAFF12CC4958400764027 /* CoinNetworkService.swift in Sources */ = {isa = PBXBuildFile; fileRef = 2E7AAFF02CC4958400764027 /* CoinNetworkService.swift */; };
		2E7AAFF52CC4966200764027 /* NetworkError.swift in Sources */ = {isa = PBXBuildFile; fileRef = 2E7AAFF42CC4966200764027 /* NetworkError.swift */; };
		2E7AAFF72CC4968100764027 /* CoinGeckoEndpoint.swift in Sources */ = {isa = PBXBuildFile; fileRef = 2E7AAFF62CC4968100764027 /* CoinGeckoEndpoint.swift */; };
		2E7AAFFB2CC4969D00764027 /* APIService.swift in Sources */ = {isa = PBXBuildFile; fileRef = 2E7AAFFA2CC4969D00764027 /* APIService.swift */; };
		2E7AB0002CC496BD00764027 /* MockCoinNetworkService.swift in Sources */ = {isa = PBXBuildFile; fileRef = 2E7AAFFF2CC496BD00764027 /* MockCoinNetworkService.swift */; };
		2E7AB0022CC4A11A00764027 /* Extensions.swift in Sources */ = {isa = PBXBuildFile; fileRef = 2E7AB0012CC4A11A00764027 /* Extensions.swift */; };
		2E7AB0042CC4A12E00764027 /* APIEndpoint.swift in Sources */ = {isa = PBXBuildFile; fileRef = 2E7AB0032CC4A12E00764027 /* APIEndpoint.swift */; };
		2E7AB0072CC4D2FD00764027 /* CoinService.swift in Sources */ = {isa = PBXBuildFile; fileRef = 2E7AB0062CC4D2FD00764027 /* CoinService.swift */; };
		2EA60EE42CC453DE00B480C5 /* CryptoCoinsApp.swift in Sources */ = {isa = PBXBuildFile; fileRef = 2EA60EE32CC453DE00B480C5 /* CryptoCoinsApp.swift */; };
		2EA60EE82CC453DF00B480C5 /* Assets.xcassets in Resources */ = {isa = PBXBuildFile; fileRef = 2EA60EE72CC453DF00B480C5 /* Assets.xcassets */; };
		2EA60EEB2CC453DF00B480C5 /* Preview Assets.xcassets in Resources */ = {isa = PBXBuildFile; fileRef = 2EA60EEA2CC453DF00B480C5 /* Preview Assets.xcassets */; };
		2EA60EF52CC453DF00B480C5 /* CryptoCoinsTests.swift in Sources */ = {isa = PBXBuildFile; fileRef = 2EA60EF42CC453DF00B480C5 /* CryptoCoinsTests.swift */; };
		2EA60EFF2CC453DF00B480C5 /* CryptoCoinsUITests.swift in Sources */ = {isa = PBXBuildFile; fileRef = 2EA60EFE2CC453DF00B480C5 /* CryptoCoinsUITests.swift */; };
		2EA60F012CC453DF00B480C5 /* CryptoCoinsUITestsLaunchTests.swift in Sources */ = {isa = PBXBuildFile; fileRef = 2EA60F002CC453DF00B480C5 /* CryptoCoinsUITestsLaunchTests.swift */; };
		2EA60F172CC46AD100B480C5 /* CoinListView.swift in Sources */ = {isa = PBXBuildFile; fileRef = 2EA60F162CC46AD100B480C5 /* CoinListView.swift */; };
		2EA60F192CC46AD900B480C5 /* CoinDetailView.swift in Sources */ = {isa = PBXBuildFile; fileRef = 2EA60F182CC46AD900B480C5 /* CoinDetailView.swift */; };
		2EA60F1E2CC46AFE00B480C5 /* CoinListViewModel.swift in Sources */ = {isa = PBXBuildFile; fileRef = 2EA60F1D2CC46AFE00B480C5 /* CoinListViewModel.swift */; };
		2EA60F212CC46B0E00B480C5 /* CoinDetailViewModel.swift in Sources */ = {isa = PBXBuildFile; fileRef = 2EA60F202CC46B0E00B480C5 /* CoinDetailViewModel.swift */; };
		2EA60F2A2CC46B3D00B480C5 /* Coordinator.swift in Sources */ = {isa = PBXBuildFile; fileRef = 2EA60F292CC46B3D00B480C5 /* Coordinator.swift */; };
		2EA60F2C2CC46B5A00B480C5 /* NetworkManager.swift in Sources */ = {isa = PBXBuildFile; fileRef = 2EA60F2B2CC46B5A00B480C5 /* NetworkManager.swift */; };
		2EA60F2E2CC46B7300B480C5 /* Coin.swift in Sources */ = {isa = PBXBuildFile; fileRef = 2EA60F2D2CC46B7300B480C5 /* Coin.swift */; };
		2EA60F302CC4723600B480C5 /* CoordinatorView.swift in Sources */ = {isa = PBXBuildFile; fileRef = 2EA60F2F2CC4723600B480C5 /* CoordinatorView.swift */; };
		2EC5ABE92CC70D4B00D25E23 /* SortOption.swift in Sources */ = {isa = PBXBuildFile; fileRef = 2EC5ABE82CC70D4B00D25E23 /* SortOption.swift */; };
/* End PBXBuildFile section */

/* Begin PBXContainerItemProxy section */
		2EA60EF12CC453DF00B480C5 /* PBXContainerItemProxy */ = {
			isa = PBXContainerItemProxy;
			containerPortal = 2EA60ED82CC453DE00B480C5 /* Project object */;
			proxyType = 1;
			remoteGlobalIDString = 2EA60EDF2CC453DE00B480C5;
			remoteInfo = CryptoCoins;
		};
		2EA60EFB2CC453DF00B480C5 /* PBXContainerItemProxy */ = {
			isa = PBXContainerItemProxy;
			containerPortal = 2EA60ED82CC453DE00B480C5 /* Project object */;
			proxyType = 1;
			remoteGlobalIDString = 2EA60EDF2CC453DE00B480C5;
			remoteInfo = CryptoCoins;
		};
/* End PBXContainerItemProxy section */

/* Begin PBXFileReference section */
		2E382AC62CC5B3930042FC74 /* CoinDetail.swift */ = {isa = PBXFileReference; lastKnownFileType = sourcecode.swift; path = CoinDetail.swift; sourceTree = "<group>"; };
		2E382ACA2CC5CFCD0042FC74 /* MockCoinsResponse.json */ = {isa = PBXFileReference; lastKnownFileType = text.json; path = MockCoinsResponse.json; sourceTree = "<group>"; };
		2E382ACC2CC5D5630042FC74 /* Roboto-Regular.ttf */ = {isa = PBXFileReference; lastKnownFileType = file; path = "Roboto-Regular.ttf"; sourceTree = "<group>"; };
		2E382ACD2CC5D5630042FC74 /* Roboto-Light.ttf */ = {isa = PBXFileReference; lastKnownFileType = file; path = "Roboto-Light.ttf"; sourceTree = "<group>"; };
		2E382AD02CC5D5630042FC74 /* Roboto-Medium.ttf */ = {isa = PBXFileReference; lastKnownFileType = file; path = "Roboto-Medium.ttf"; sourceTree = "<group>"; };
		2E382AD52CC5D5630042FC74 /* Roboto-Bold.ttf */ = {isa = PBXFileReference; lastKnownFileType = file; path = "Roboto-Bold.ttf"; sourceTree = "<group>"; };
		2E382AD72CC5D5630042FC74 /* Roboto-Italic.ttf */ = {isa = PBXFileReference; lastKnownFileType = file; path = "Roboto-Italic.ttf"; sourceTree = "<group>"; };
		2E382AE22CC5F2A20042FC74 /* MockCoinDetailResponse.json */ = {isa = PBXFileReference; lastKnownFileType = text.json; path = MockCoinDetailResponse.json; sourceTree = "<group>"; };
		2E382AE62CC6091D0042FC74 /* MockCoinPriceHistory.json */ = {isa = PBXFileReference; lastKnownFileType = text.json; path = MockCoinPriceHistory.json; sourceTree = "<group>"; };
		2E382AE82CC60A3C0042FC74 /* PriceHistory.swift */ = {isa = PBXFileReference; lastKnownFileType = sourcecode.swift; path = PriceHistory.swift; sourceTree = "<group>"; };
		2E7AAFF02CC4958400764027 /* CoinNetworkService.swift */ = {isa = PBXFileReference; lastKnownFileType = sourcecode.swift; path = CoinNetworkService.swift; sourceTree = "<group>"; };
		2E7AAFF42CC4966200764027 /* NetworkError.swift */ = {isa = PBXFileReference; lastKnownFileType = sourcecode.swift; path = NetworkError.swift; sourceTree = "<group>"; };
		2E7AAFF62CC4968100764027 /* CoinGeckoEndpoint.swift */ = {isa = PBXFileReference; lastKnownFileType = sourcecode.swift; path = CoinGeckoEndpoint.swift; sourceTree = "<group>"; };
		2E7AAFFA2CC4969D00764027 /* APIService.swift */ = {isa = PBXFileReference; lastKnownFileType = sourcecode.swift; path = APIService.swift; sourceTree = "<group>"; };
		2E7AAFFF2CC496BD00764027 /* MockCoinNetworkService.swift */ = {isa = PBXFileReference; lastKnownFileType = sourcecode.swift; path = MockCoinNetworkService.swift; sourceTree = "<group>"; };
		2E7AB0012CC4A11A00764027 /* Extensions.swift */ = {isa = PBXFileReference; lastKnownFileType = sourcecode.swift; path = Extensions.swift; sourceTree = "<group>"; };
		2E7AB0032CC4A12E00764027 /* APIEndpoint.swift */ = {isa = PBXFileReference; lastKnownFileType = sourcecode.swift; path = APIEndpoint.swift; sourceTree = "<group>"; };
		2E7AB0062CC4D2FD00764027 /* CoinService.swift */ = {isa = PBXFileReference; lastKnownFileType = sourcecode.swift; path = CoinService.swift; sourceTree = "<group>"; };
		2EA60EE02CC453DE00B480C5 /* CryptoCoins.app */ = {isa = PBXFileReference; explicitFileType = wrapper.application; includeInIndex = 0; path = CryptoCoins.app; sourceTree = BUILT_PRODUCTS_DIR; };
		2EA60EE32CC453DE00B480C5 /* CryptoCoinsApp.swift */ = {isa = PBXFileReference; lastKnownFileType = sourcecode.swift; path = CryptoCoinsApp.swift; sourceTree = "<group>"; };
		2EA60EE72CC453DF00B480C5 /* Assets.xcassets */ = {isa = PBXFileReference; lastKnownFileType = folder.assetcatalog; path = Assets.xcassets; sourceTree = "<group>"; };
		2EA60EEA2CC453DF00B480C5 /* Preview Assets.xcassets */ = {isa = PBXFileReference; lastKnownFileType = folder.assetcatalog; path = "Preview Assets.xcassets"; sourceTree = "<group>"; };
		2EA60EF02CC453DF00B480C5 /* CryptoCoinsTests.xctest */ = {isa = PBXFileReference; explicitFileType = wrapper.cfbundle; includeInIndex = 0; path = CryptoCoinsTests.xctest; sourceTree = BUILT_PRODUCTS_DIR; };
		2EA60EF42CC453DF00B480C5 /* CryptoCoinsTests.swift */ = {isa = PBXFileReference; lastKnownFileType = sourcecode.swift; path = CryptoCoinsTests.swift; sourceTree = "<group>"; };
		2EA60EFA2CC453DF00B480C5 /* CryptoCoinsUITests.xctest */ = {isa = PBXFileReference; explicitFileType = wrapper.cfbundle; includeInIndex = 0; path = CryptoCoinsUITests.xctest; sourceTree = BUILT_PRODUCTS_DIR; };
		2EA60EFE2CC453DF00B480C5 /* CryptoCoinsUITests.swift */ = {isa = PBXFileReference; lastKnownFileType = sourcecode.swift; path = CryptoCoinsUITests.swift; sourceTree = "<group>"; };
		2EA60F002CC453DF00B480C5 /* CryptoCoinsUITestsLaunchTests.swift */ = {isa = PBXFileReference; lastKnownFileType = sourcecode.swift; path = CryptoCoinsUITestsLaunchTests.swift; sourceTree = "<group>"; };
		2EA60F162CC46AD100B480C5 /* CoinListView.swift */ = {isa = PBXFileReference; lastKnownFileType = sourcecode.swift; path = CoinListView.swift; sourceTree = "<group>"; };
		2EA60F182CC46AD900B480C5 /* CoinDetailView.swift */ = {isa = PBXFileReference; lastKnownFileType = sourcecode.swift; path = CoinDetailView.swift; sourceTree = "<group>"; };
		2EA60F1D2CC46AFE00B480C5 /* CoinListViewModel.swift */ = {isa = PBXFileReference; lastKnownFileType = sourcecode.swift; path = CoinListViewModel.swift; sourceTree = "<group>"; };
		2EA60F202CC46B0E00B480C5 /* CoinDetailViewModel.swift */ = {isa = PBXFileReference; lastKnownFileType = sourcecode.swift; path = CoinDetailViewModel.swift; sourceTree = "<group>"; };
		2EA60F292CC46B3D00B480C5 /* Coordinator.swift */ = {isa = PBXFileReference; lastKnownFileType = sourcecode.swift; path = Coordinator.swift; sourceTree = "<group>"; };
		2EA60F2B2CC46B5A00B480C5 /* NetworkManager.swift */ = {isa = PBXFileReference; lastKnownFileType = sourcecode.swift; path = NetworkManager.swift; sourceTree = "<group>"; };
		2EA60F2D2CC46B7300B480C5 /* Coin.swift */ = {isa = PBXFileReference; lastKnownFileType = sourcecode.swift; path = Coin.swift; sourceTree = "<group>"; };
		2EA60F2F2CC4723600B480C5 /* CoordinatorView.swift */ = {isa = PBXFileReference; lastKnownFileType = sourcecode.swift; path = CoordinatorView.swift; sourceTree = "<group>"; };
		2EC5ABE82CC70D4B00D25E23 /* SortOption.swift */ = {isa = PBXFileReference; lastKnownFileType = sourcecode.swift; path = SortOption.swift; sourceTree = "<group>"; };
/* End PBXFileReference section */

/* Begin PBXFrameworksBuildPhase section */
		2EA60EDD2CC453DE00B480C5 /* Frameworks */ = {
			isa = PBXFrameworksBuildPhase;
			buildActionMask = 2147483647;
			files = (
			);
			runOnlyForDeploymentPostprocessing = 0;
		};
		2EA60EED2CC453DF00B480C5 /* Frameworks */ = {
			isa = PBXFrameworksBuildPhase;
			buildActionMask = 2147483647;
			files = (
			);
			runOnlyForDeploymentPostprocessing = 0;
		};
		2EA60EF72CC453DF00B480C5 /* Frameworks */ = {
			isa = PBXFrameworksBuildPhase;
			buildActionMask = 2147483647;
			files = (
			);
			runOnlyForDeploymentPostprocessing = 0;
		};
/* End PBXFrameworksBuildPhase section */

/* Begin PBXGroup section */
		2E382AD82CC5D5670042FC74 /* Roboto Font */ = {
			isa = PBXGroup;
			children = (
				2E382AD52CC5D5630042FC74 /* Roboto-Bold.ttf */,
				2E382AD72CC5D5630042FC74 /* Roboto-Italic.ttf */,
				2E382ACD2CC5D5630042FC74 /* Roboto-Light.ttf */,
				2E382AD02CC5D5630042FC74 /* Roboto-Medium.ttf */,
				2E382ACC2CC5D5630042FC74 /* Roboto-Regular.ttf */,
			);
			path = "Roboto Font";
			sourceTree = "<group>";
		};
		2E7AAFF22CC4964A00764027 /* API */ = {
			isa = PBXGroup;
			children = (
				2E7AB0032CC4A12E00764027 /* APIEndpoint.swift */,
				2E7AAFF62CC4968100764027 /* CoinGeckoEndpoint.swift */,
			);
			path = API;
			sourceTree = "<group>";
		};
		2E7AAFF32CC4964D00764027 /* Services */ = {
			isa = PBXGroup;
			children = (
				2E7AAFFA2CC4969D00764027 /* APIService.swift */,
				2EA60F2B2CC46B5A00B480C5 /* NetworkManager.swift */,
				2E7AB0052CC4BF7F00764027 /* CoinNetworkService */,
			);
			path = Services;
			sourceTree = "<group>";
		};
		2E7AB0052CC4BF7F00764027 /* CoinNetworkService */ = {
			isa = PBXGroup;
			children = (
				2E7AB0062CC4D2FD00764027 /* CoinService.swift */,
				2E7AAFF02CC4958400764027 /* CoinNetworkService.swift */,
				2E7AAFFF2CC496BD00764027 /* MockCoinNetworkService.swift */,
			);
			path = CoinNetworkService;
			sourceTree = "<group>";
		};
		2EA60ED72CC453DE00B480C5 = {
			isa = PBXGroup;
			children = (
				2EA60EE22CC453DE00B480C5 /* CryptoCoins */,
				2EA60EF32CC453DF00B480C5 /* CryptoCoinsTests */,
				2EA60EFD2CC453DF00B480C5 /* CryptoCoinsUITests */,
				2EA60EE12CC453DE00B480C5 /* Products */,
			);
			sourceTree = "<group>";
		};
		2EA60EE12CC453DE00B480C5 /* Products */ = {
			isa = PBXGroup;
			children = (
				2EA60EE02CC453DE00B480C5 /* CryptoCoins.app */,
				2EA60EF02CC453DF00B480C5 /* CryptoCoinsTests.xctest */,
				2EA60EFA2CC453DF00B480C5 /* CryptoCoinsUITests.xctest */,
			);
			name = Products;
			sourceTree = "<group>";
		};
		2EA60EE22CC453DE00B480C5 /* CryptoCoins */ = {
			isa = PBXGroup;
			children = (
				2EA60EE32CC453DE00B480C5 /* CryptoCoinsApp.swift */,
				2EA60F152CC46AC000B480C5 /* Modules */,
				2EA60F142CC46ABE00B480C5 /* Models */,
				2EA60F232CC46B1D00B480C5 /* Networking */,
				2EA60F252CC46B2600B480C5 /* Coordinators */,
				2EA60F262CC46B2C00B480C5 /* Utilities */,
				2EA60F242CC46B2200B480C5 /* Resources */,
				2EA60EE92CC453DF00B480C5 /* Preview Content */,
			);
			path = CryptoCoins;
			sourceTree = "<group>";
		};
		2EA60EE92CC453DF00B480C5 /* Preview Content */ = {
			isa = PBXGroup;
			children = (
				2E382ACA2CC5CFCD0042FC74 /* MockCoinsResponse.json */,
				2E382AE22CC5F2A20042FC74 /* MockCoinDetailResponse.json */,
				2E382AE62CC6091D0042FC74 /* MockCoinPriceHistory.json */,
				2EA60EEA2CC453DF00B480C5 /* Preview Assets.xcassets */,
			);
			path = "Preview Content";
			sourceTree = "<group>";
		};
		2EA60EF32CC453DF00B480C5 /* CryptoCoinsTests */ = {
			isa = PBXGroup;
			children = (
				2EA60EF42CC453DF00B480C5 /* CryptoCoinsTests.swift */,
			);
			path = CryptoCoinsTests;
			sourceTree = "<group>";
		};
		2EA60EFD2CC453DF00B480C5 /* CryptoCoinsUITests */ = {
			isa = PBXGroup;
			children = (
				2EA60EFE2CC453DF00B480C5 /* CryptoCoinsUITests.swift */,
				2EA60F002CC453DF00B480C5 /* CryptoCoinsUITestsLaunchTests.swift */,
			);
			path = CryptoCoinsUITests;
			sourceTree = "<group>";
		};
		2EA60F142CC46ABE00B480C5 /* Models */ = {
			isa = PBXGroup;
			children = (
				2EA60F2D2CC46B7300B480C5 /* Coin.swift */,
				2E382AC62CC5B3930042FC74 /* CoinDetail.swift */,
				2E382AE82CC60A3C0042FC74 /* PriceHistory.swift */,
				2EC5ABE82CC70D4B00D25E23 /* SortOption.swift */,
			);
			path = Models;
			sourceTree = "<group>";
		};
		2EA60F152CC46AC000B480C5 /* Modules */ = {
			isa = PBXGroup;
			children = (
				2EA60F1A2CC46ADC00B480C5 /* CoinList */,
				2EA60F1B2CC46AE300B480C5 /* CoinDetail */,
			);
			path = Modules;
			sourceTree = "<group>";
		};
		2EA60F1A2CC46ADC00B480C5 /* CoinList */ = {
			isa = PBXGroup;
			children = (
				2EA60F162CC46AD100B480C5 /* CoinListView.swift */,
				2EA60F1D2CC46AFE00B480C5 /* CoinListViewModel.swift */,
			);
			path = CoinList;
			sourceTree = "<group>";
		};
		2EA60F1B2CC46AE300B480C5 /* CoinDetail */ = {
			isa = PBXGroup;
			children = (
				2EA60F182CC46AD900B480C5 /* CoinDetailView.swift */,
				2EA60F202CC46B0E00B480C5 /* CoinDetailViewModel.swift */,
			);
			path = CoinDetail;
			sourceTree = "<group>";
		};
		2EA60F232CC46B1D00B480C5 /* Networking */ = {
			isa = PBXGroup;
			children = (
				2E7AAFF22CC4964A00764027 /* API */,
				2E7AAFF32CC4964D00764027 /* Services */,
			);
			path = Networking;
			sourceTree = "<group>";
		};
		2EA60F242CC46B2200B480C5 /* Resources */ = {
			isa = PBXGroup;
			children = (
				2EA60EE72CC453DF00B480C5 /* Assets.xcassets */,
			);
			path = Resources;
			sourceTree = "<group>";
		};
		2EA60F252CC46B2600B480C5 /* Coordinators */ = {
			isa = PBXGroup;
			children = (
				2EA60F292CC46B3D00B480C5 /* Coordinator.swift */,
				2EA60F2F2CC4723600B480C5 /* CoordinatorView.swift */,
			);
			path = Coordinators;
			sourceTree = "<group>";
		};
		2EA60F262CC46B2C00B480C5 /* Utilities */ = {
			isa = PBXGroup;
			children = (
				2E382AD82CC5D5670042FC74 /* Roboto Font */,
				2E7AAFF42CC4966200764027 /* NetworkError.swift */,
				2E7AB0012CC4A11A00764027 /* Extensions.swift */,
			);
			path = Utilities;
			sourceTree = "<group>";
		};
/* End PBXGroup section */

/* Begin PBXNativeTarget section */
		2EA60EDF2CC453DE00B480C5 /* CryptoCoins */ = {
			isa = PBXNativeTarget;
			buildConfigurationList = 2EA60F042CC453DF00B480C5 /* Build configuration list for PBXNativeTarget "CryptoCoins" */;
			buildPhases = (
				2EA60EDC2CC453DE00B480C5 /* Sources */,
				2EA60EDD2CC453DE00B480C5 /* Frameworks */,
				2EA60EDE2CC453DE00B480C5 /* Resources */,
				2EA60F0D2CC4546000B480C5 /* Run Script */,
			);
			buildRules = (
			);
			dependencies = (
			);
			name = CryptoCoins;
			productName = CryptoCoins;
			productReference = 2EA60EE02CC453DE00B480C5 /* CryptoCoins.app */;
			productType = "com.apple.product-type.application";
		};
		2EA60EEF2CC453DF00B480C5 /* CryptoCoinsTests */ = {
			isa = PBXNativeTarget;
			buildConfigurationList = 2EA60F072CC453DF00B480C5 /* Build configuration list for PBXNativeTarget "CryptoCoinsTests" */;
			buildPhases = (
				2EA60EEC2CC453DF00B480C5 /* Sources */,
				2EA60EED2CC453DF00B480C5 /* Frameworks */,
				2EA60EEE2CC453DF00B480C5 /* Resources */,
			);
			buildRules = (
			);
			dependencies = (
				2EA60EF22CC453DF00B480C5 /* PBXTargetDependency */,
			);
			name = CryptoCoinsTests;
			productName = CryptoCoinsTests;
			productReference = 2EA60EF02CC453DF00B480C5 /* CryptoCoinsTests.xctest */;
			productType = "com.apple.product-type.bundle.unit-test";
		};
		2EA60EF92CC453DF00B480C5 /* CryptoCoinsUITests */ = {
			isa = PBXNativeTarget;
			buildConfigurationList = 2EA60F0A2CC453DF00B480C5 /* Build configuration list for PBXNativeTarget "CryptoCoinsUITests" */;
			buildPhases = (
				2EA60EF62CC453DF00B480C5 /* Sources */,
				2EA60EF72CC453DF00B480C5 /* Frameworks */,
				2EA60EF82CC453DF00B480C5 /* Resources */,
			);
			buildRules = (
			);
			dependencies = (
				2EA60EFC2CC453DF00B480C5 /* PBXTargetDependency */,
			);
			name = CryptoCoinsUITests;
			productName = CryptoCoinsUITests;
			productReference = 2EA60EFA2CC453DF00B480C5 /* CryptoCoinsUITests.xctest */;
			productType = "com.apple.product-type.bundle.ui-testing";
		};
/* End PBXNativeTarget section */

/* Begin PBXProject section */
		2EA60ED82CC453DE00B480C5 /* Project object */ = {
			isa = PBXProject;
			attributes = {
				BuildIndependentTargetsInParallel = 1;
				LastSwiftUpdateCheck = 1520;
				LastUpgradeCheck = 1520;
				TargetAttributes = {
					2EA60EDF2CC453DE00B480C5 = {
						CreatedOnToolsVersion = 15.2;
					};
					2EA60EEF2CC453DF00B480C5 = {
						CreatedOnToolsVersion = 15.2;
						TestTargetID = 2EA60EDF2CC453DE00B480C5;
					};
					2EA60EF92CC453DF00B480C5 = {
						CreatedOnToolsVersion = 15.2;
						TestTargetID = 2EA60EDF2CC453DE00B480C5;
					};
				};
			};
			buildConfigurationList = 2EA60EDB2CC453DE00B480C5 /* Build configuration list for PBXProject "CryptoCoins" */;
			compatibilityVersion = "Xcode 14.0";
			developmentRegion = en;
			hasScannedForEncodings = 0;
			knownRegions = (
				en,
				Base,
			);
			mainGroup = 2EA60ED72CC453DE00B480C5;
			productRefGroup = 2EA60EE12CC453DE00B480C5 /* Products */;
			projectDirPath = "";
			projectRoot = "";
			targets = (
				2EA60EDF2CC453DE00B480C5 /* CryptoCoins */,
				2EA60EEF2CC453DF00B480C5 /* CryptoCoinsTests */,
				2EA60EF92CC453DF00B480C5 /* CryptoCoinsUITests */,
			);
		};
/* End PBXProject section */

/* Begin PBXResourcesBuildPhase section */
		2EA60EDE2CC453DE00B480C5 /* Resources */ = {
			isa = PBXResourcesBuildPhase;
			buildActionMask = 2147483647;
			files = (
				2E382AE32CC5F2A20042FC74 /* MockCoinDetailResponse.json in Resources */,
				2E382ADA2CC5D84F0042FC74 /* Roboto-Bold.ttf in Resources */,
				2E382ADB2CC5D84F0042FC74 /* Roboto-Italic.ttf in Resources */,
				2E382ADC2CC5D84F0042FC74 /* Roboto-Light.ttf in Resources */,
				2E382ADD2CC5D84F0042FC74 /* Roboto-Medium.ttf in Resources */,
				2E382ADE2CC5D84F0042FC74 /* Roboto-Regular.ttf in Resources */,
				2EA60EEB2CC453DF00B480C5 /* Preview Assets.xcassets in Resources */,
				2E382AE72CC6091D0042FC74 /* MockCoinPriceHistory.json in Resources */,
				2E382ACB2CC5CFCD0042FC74 /* MockCoinsResponse.json in Resources */,
				2EA60EE82CC453DF00B480C5 /* Assets.xcassets in Resources */,
			);
			runOnlyForDeploymentPostprocessing = 0;
		};
		2EA60EEE2CC453DF00B480C5 /* Resources */ = {
			isa = PBXResourcesBuildPhase;
			buildActionMask = 2147483647;
			files = (
			);
			runOnlyForDeploymentPostprocessing = 0;
		};
		2EA60EF82CC453DF00B480C5 /* Resources */ = {
			isa = PBXResourcesBuildPhase;
			buildActionMask = 2147483647;
			files = (
			);
			runOnlyForDeploymentPostprocessing = 0;
		};
/* End PBXResourcesBuildPhase section */

/* Begin PBXShellScriptBuildPhase section */
		2EA60F0D2CC4546000B480C5 /* Run Script */ = {
			isa = PBXShellScriptBuildPhase;
			alwaysOutOfDate = 1;
			buildActionMask = 12;
			files = (
			);
			inputFileListPaths = (
			);
			inputPaths = (
			);
			name = "Run Script";
			outputFileListPaths = (
			);
			outputPaths = (
			);
			runOnlyForDeploymentPostprocessing = 0;
			shellPath = /bin/sh;
			shellScript = "if [[ \"$(uname -m)\" == arm64 ]]; then\n    export PATH=\"/opt/homebrew/bin:$PATH\"\nfi\n\nif which swiftlint > /dev/null; then\n  swiftlint\nelse\n  echo \"warning: SwiftLint not installed, download from https://github.com/realm/SwiftLint\"\nfi\n";
			showEnvVarsInLog = 0;
		};
/* End PBXShellScriptBuildPhase section */

/* Begin PBXSourcesBuildPhase section */
		2EA60EDC2CC453DE00B480C5 /* Sources */ = {
			isa = PBXSourcesBuildPhase;
			buildActionMask = 2147483647;
			files = (
				2E7AB0042CC4A12E00764027 /* APIEndpoint.swift in Sources */,
				2E382AC72CC5B3930042FC74 /* CoinDetail.swift in Sources */,
				2E7AAFF12CC4958400764027 /* CoinNetworkService.swift in Sources */,
				2E7AAFF72CC4968100764027 /* CoinGeckoEndpoint.swift in Sources */,
				2EA60F2C2CC46B5A00B480C5 /* NetworkManager.swift in Sources */,
				2E7AB0002CC496BD00764027 /* MockCoinNetworkService.swift in Sources */,
				2EA60F302CC4723600B480C5 /* CoordinatorView.swift in Sources */,
				2EA60F212CC46B0E00B480C5 /* CoinDetailViewModel.swift in Sources */,
				2EA60EE42CC453DE00B480C5 /* CryptoCoinsApp.swift in Sources */,
				2EA60F192CC46AD900B480C5 /* CoinDetailView.swift in Sources */,
				2E7AAFFB2CC4969D00764027 /* APIService.swift in Sources */,
				2EA60F2A2CC46B3D00B480C5 /* Coordinator.swift in Sources */,
				2EA60F172CC46AD100B480C5 /* CoinListView.swift in Sources */,
				2EA60F1E2CC46AFE00B480C5 /* CoinListViewModel.swift in Sources */,
				2E382AE92CC60A3C0042FC74 /* PriceHistory.swift in Sources */,
				2E7AB0072CC4D2FD00764027 /* CoinService.swift in Sources */,
				2EC5ABE92CC70D4B00D25E23 /* SortOption.swift in Sources */,
				2E7AB0022CC4A11A00764027 /* Extensions.swift in Sources */,
				2E7AAFF52CC4966200764027 /* NetworkError.swift in Sources */,
				2EA60F2E2CC46B7300B480C5 /* Coin.swift in Sources */,
			);
			runOnlyForDeploymentPostprocessing = 0;
		};
		2EA60EEC2CC453DF00B480C5 /* Sources */ = {
			isa = PBXSourcesBuildPhase;
			buildActionMask = 2147483647;
			files = (
				2EA60EF52CC453DF00B480C5 /* CryptoCoinsTests.swift in Sources */,
			);
			runOnlyForDeploymentPostprocessing = 0;
		};
		2EA60EF62CC453DF00B480C5 /* Sources */ = {
			isa = PBXSourcesBuildPhase;
			buildActionMask = 2147483647;
			files = (
				2EA60F012CC453DF00B480C5 /* CryptoCoinsUITestsLaunchTests.swift in Sources */,
				2EA60EFF2CC453DF00B480C5 /* CryptoCoinsUITests.swift in Sources */,
			);
			runOnlyForDeploymentPostprocessing = 0;
		};
/* End PBXSourcesBuildPhase section */

/* Begin PBXTargetDependency section */
		2EA60EF22CC453DF00B480C5 /* PBXTargetDependency */ = {
			isa = PBXTargetDependency;
			target = 2EA60EDF2CC453DE00B480C5 /* CryptoCoins */;
			targetProxy = 2EA60EF12CC453DF00B480C5 /* PBXContainerItemProxy */;
		};
		2EA60EFC2CC453DF00B480C5 /* PBXTargetDependency */ = {
			isa = PBXTargetDependency;
			target = 2EA60EDF2CC453DE00B480C5 /* CryptoCoins */;
			targetProxy = 2EA60EFB2CC453DF00B480C5 /* PBXContainerItemProxy */;
		};
/* End PBXTargetDependency section */

/* Begin XCBuildConfiguration section */
		2EA60F022CC453DF00B480C5 /* Debug */ = {
			isa = XCBuildConfiguration;
			buildSettings = {
				ALWAYS_SEARCH_USER_PATHS = NO;
				ASSETCATALOG_COMPILER_GENERATE_SWIFT_ASSET_SYMBOL_EXTENSIONS = YES;
				CLANG_ANALYZER_NONNULL = YES;
				CLANG_ANALYZER_NUMBER_OBJECT_CONVERSION = YES_AGGRESSIVE;
				CLANG_CXX_LANGUAGE_STANDARD = "gnu++20";
				CLANG_ENABLE_MODULES = YES;
				CLANG_ENABLE_OBJC_ARC = YES;
				CLANG_ENABLE_OBJC_WEAK = YES;
				CLANG_WARN_BLOCK_CAPTURE_AUTORELEASING = YES;
				CLANG_WARN_BOOL_CONVERSION = YES;
				CLANG_WARN_COMMA = YES;
				CLANG_WARN_CONSTANT_CONVERSION = YES;
				CLANG_WARN_DEPRECATED_OBJC_IMPLEMENTATIONS = YES;
				CLANG_WARN_DIRECT_OBJC_ISA_USAGE = YES_ERROR;
				CLANG_WARN_DOCUMENTATION_COMMENTS = YES;
				CLANG_WARN_EMPTY_BODY = YES;
				CLANG_WARN_ENUM_CONVERSION = YES;
				CLANG_WARN_INFINITE_RECURSION = YES;
				CLANG_WARN_INT_CONVERSION = YES;
				CLANG_WARN_NON_LITERAL_NULL_CONVERSION = YES;
				CLANG_WARN_OBJC_IMPLICIT_RETAIN_SELF = YES;
				CLANG_WARN_OBJC_LITERAL_CONVERSION = YES;
				CLANG_WARN_OBJC_ROOT_CLASS = YES_ERROR;
				CLANG_WARN_QUOTED_INCLUDE_IN_FRAMEWORK_HEADER = YES;
				CLANG_WARN_RANGE_LOOP_ANALYSIS = YES;
				CLANG_WARN_STRICT_PROTOTYPES = YES;
				CLANG_WARN_SUSPICIOUS_MOVE = YES;
				CLANG_WARN_UNGUARDED_AVAILABILITY = YES_AGGRESSIVE;
				CLANG_WARN_UNREACHABLE_CODE = YES;
				CLANG_WARN__DUPLICATE_METHOD_MATCH = YES;
				COPY_PHASE_STRIP = NO;
				DEBUG_INFORMATION_FORMAT = dwarf;
				ENABLE_STRICT_OBJC_MSGSEND = YES;
				ENABLE_TESTABILITY = YES;
				ENABLE_USER_SCRIPT_SANDBOXING = YES;
				GCC_C_LANGUAGE_STANDARD = gnu17;
				GCC_DYNAMIC_NO_PIC = NO;
				GCC_NO_COMMON_BLOCKS = YES;
				GCC_OPTIMIZATION_LEVEL = 0;
				GCC_PREPROCESSOR_DEFINITIONS = (
					"DEBUG=1",
					"$(inherited)",
				);
				GCC_WARN_64_TO_32_BIT_CONVERSION = YES;
				GCC_WARN_ABOUT_RETURN_TYPE = YES_ERROR;
				GCC_WARN_UNDECLARED_SELECTOR = YES;
				GCC_WARN_UNINITIALIZED_AUTOS = YES_AGGRESSIVE;
				GCC_WARN_UNUSED_FUNCTION = YES;
				GCC_WARN_UNUSED_VARIABLE = YES;
				IPHONEOS_DEPLOYMENT_TARGET = 17.2;
				LOCALIZATION_PREFERS_STRING_CATALOGS = YES;
				MTL_ENABLE_DEBUG_INFO = INCLUDE_SOURCE;
				MTL_FAST_MATH = YES;
				ONLY_ACTIVE_ARCH = YES;
				SDKROOT = iphoneos;
				SWIFT_ACTIVE_COMPILATION_CONDITIONS = "DEBUG $(inherited)";
				SWIFT_OPTIMIZATION_LEVEL = "-Onone";
			};
			name = Debug;
		};
		2EA60F032CC453DF00B480C5 /* Release */ = {
			isa = XCBuildConfiguration;
			buildSettings = {
				ALWAYS_SEARCH_USER_PATHS = NO;
				ASSETCATALOG_COMPILER_GENERATE_SWIFT_ASSET_SYMBOL_EXTENSIONS = YES;
				CLANG_ANALYZER_NONNULL = YES;
				CLANG_ANALYZER_NUMBER_OBJECT_CONVERSION = YES_AGGRESSIVE;
				CLANG_CXX_LANGUAGE_STANDARD = "gnu++20";
				CLANG_ENABLE_MODULES = YES;
				CLANG_ENABLE_OBJC_ARC = YES;
				CLANG_ENABLE_OBJC_WEAK = YES;
				CLANG_WARN_BLOCK_CAPTURE_AUTORELEASING = YES;
				CLANG_WARN_BOOL_CONVERSION = YES;
				CLANG_WARN_COMMA = YES;
				CLANG_WARN_CONSTANT_CONVERSION = YES;
				CLANG_WARN_DEPRECATED_OBJC_IMPLEMENTATIONS = YES;
				CLANG_WARN_DIRECT_OBJC_ISA_USAGE = YES_ERROR;
				CLANG_WARN_DOCUMENTATION_COMMENTS = YES;
				CLANG_WARN_EMPTY_BODY = YES;
				CLANG_WARN_ENUM_CONVERSION = YES;
				CLANG_WARN_INFINITE_RECURSION = YES;
				CLANG_WARN_INT_CONVERSION = YES;
				CLANG_WARN_NON_LITERAL_NULL_CONVERSION = YES;
				CLANG_WARN_OBJC_IMPLICIT_RETAIN_SELF = YES;
				CLANG_WARN_OBJC_LITERAL_CONVERSION = YES;
				CLANG_WARN_OBJC_ROOT_CLASS = YES_ERROR;
				CLANG_WARN_QUOTED_INCLUDE_IN_FRAMEWORK_HEADER = YES;
				CLANG_WARN_RANGE_LOOP_ANALYSIS = YES;
				CLANG_WARN_STRICT_PROTOTYPES = YES;
				CLANG_WARN_SUSPICIOUS_MOVE = YES;
				CLANG_WARN_UNGUARDED_AVAILABILITY = YES_AGGRESSIVE;
				CLANG_WARN_UNREACHABLE_CODE = YES;
				CLANG_WARN__DUPLICATE_METHOD_MATCH = YES;
				COPY_PHASE_STRIP = NO;
				DEBUG_INFORMATION_FORMAT = "dwarf-with-dsym";
				ENABLE_NS_ASSERTIONS = NO;
				ENABLE_STRICT_OBJC_MSGSEND = YES;
				ENABLE_USER_SCRIPT_SANDBOXING = YES;
				GCC_C_LANGUAGE_STANDARD = gnu17;
				GCC_NO_COMMON_BLOCKS = YES;
				GCC_WARN_64_TO_32_BIT_CONVERSION = YES;
				GCC_WARN_ABOUT_RETURN_TYPE = YES_ERROR;
				GCC_WARN_UNDECLARED_SELECTOR = YES;
				GCC_WARN_UNINITIALIZED_AUTOS = YES_AGGRESSIVE;
				GCC_WARN_UNUSED_FUNCTION = YES;
				GCC_WARN_UNUSED_VARIABLE = YES;
				IPHONEOS_DEPLOYMENT_TARGET = 17.2;
				LOCALIZATION_PREFERS_STRING_CATALOGS = YES;
				MTL_ENABLE_DEBUG_INFO = NO;
				MTL_FAST_MATH = YES;
				SDKROOT = iphoneos;
				SWIFT_COMPILATION_MODE = wholemodule;
				VALIDATE_PRODUCT = YES;
			};
			name = Release;
		};
		2EA60F052CC453DF00B480C5 /* Debug */ = {
			isa = XCBuildConfiguration;
			buildSettings = {
				ASSETCATALOG_COMPILER_APPICON_NAME = AppIcon;
				ASSETCATALOG_COMPILER_GLOBAL_ACCENT_COLOR_NAME = AccentColor;
				CODE_SIGN_STYLE = Automatic;
				CURRENT_PROJECT_VERSION = 1;
				DEVELOPMENT_ASSET_PATHS = "\"CryptoCoins/Preview Content\"";
				DEVELOPMENT_TEAM = YP4W9MBS92;
				ENABLE_PREVIEWS = YES;
				ENABLE_USER_SCRIPT_SANDBOXING = NO;
				GENERATE_INFOPLIST_FILE = YES;
				INFOPLIST_FILE = CryptoCoins/Info.plist;
				INFOPLIST_KEY_LSSupportsOpeningDocumentsInPlace = YES;
				INFOPLIST_KEY_UIApplicationSceneManifest_Generation = YES;
				INFOPLIST_KEY_UIApplicationSupportsIndirectInputEvents = YES;
				INFOPLIST_KEY_UILaunchScreen_Generation = YES;
				INFOPLIST_KEY_UISupportedInterfaceOrientations = UIInterfaceOrientationPortrait;
				INFOPLIST_KEY_UISupportedInterfaceOrientations_iPad = "UIInterfaceOrientationLandscapeLeft UIInterfaceOrientationLandscapeRight UIInterfaceOrientationPortrait UIInterfaceOrientationPortraitUpsideDown";
				IPHONEOS_DEPLOYMENT_TARGET = 16.0;
				LD_RUNPATH_SEARCH_PATHS = (
					"$(inherited)",
					"@executable_path/Frameworks",
				);
				MARKETING_VERSION = 1.0;
				PRODUCT_BUNDLE_IDENTIFIER = com.garzafranco.CryptoCoins;
				PRODUCT_NAME = "$(TARGET_NAME)";
				SUPPORTED_PLATFORMS = "iphoneos iphonesimulator";
				SUPPORTS_MACCATALYST = NO;
				SUPPORTS_MAC_DESIGNED_FOR_IPHONE_IPAD = NO;
				SUPPORTS_XR_DESIGNED_FOR_IPHONE_IPAD = NO;
				SWIFT_EMIT_LOC_STRINGS = YES;
				SWIFT_VERSION = 5.0;
				TARGETED_DEVICE_FAMILY = 1;
			};
			name = Debug;
		};
		2EA60F062CC453DF00B480C5 /* Release */ = {
			isa = XCBuildConfiguration;
			buildSettings = {
				ASSETCATALOG_COMPILER_APPICON_NAME = AppIcon;
				ASSETCATALOG_COMPILER_GLOBAL_ACCENT_COLOR_NAME = AccentColor;
				CODE_SIGN_STYLE = Automatic;
				CURRENT_PROJECT_VERSION = 1;
				DEVELOPMENT_ASSET_PATHS = "\"CryptoCoins/Preview Content\"";
				DEVELOPMENT_TEAM = YP4W9MBS92;
				ENABLE_PREVIEWS = YES;
				ENABLE_USER_SCRIPT_SANDBOXING = NO;
				GENERATE_INFOPLIST_FILE = YES;
				INFOPLIST_FILE = CryptoCoins/Info.plist;
				INFOPLIST_KEY_LSSupportsOpeningDocumentsInPlace = YES;
				INFOPLIST_KEY_UIApplicationSceneManifest_Generation = YES;
				INFOPLIST_KEY_UIApplicationSupportsIndirectInputEvents = YES;
				INFOPLIST_KEY_UILaunchScreen_Generation = YES;
				INFOPLIST_KEY_UISupportedInterfaceOrientations = UIInterfaceOrientationPortrait;
				INFOPLIST_KEY_UISupportedInterfaceOrientations_iPad = "UIInterfaceOrientationLandscapeLeft UIInterfaceOrientationLandscapeRight UIInterfaceOrientationPortrait UIInterfaceOrientationPortraitUpsideDown";
				IPHONEOS_DEPLOYMENT_TARGET = 16.0;
				LD_RUNPATH_SEARCH_PATHS = (
					"$(inherited)",
					"@executable_path/Frameworks",
				);
				MARKETING_VERSION = 1.0;
				PRODUCT_BUNDLE_IDENTIFIER = com.garzafranco.CryptoCoins;
				PRODUCT_NAME = "$(TARGET_NAME)";
				SUPPORTED_PLATFORMS = "iphoneos iphonesimulator";
				SUPPORTS_MACCATALYST = NO;
				SUPPORTS_MAC_DESIGNED_FOR_IPHONE_IPAD = NO;
				SUPPORTS_XR_DESIGNED_FOR_IPHONE_IPAD = NO;
				SWIFT_EMIT_LOC_STRINGS = YES;
				SWIFT_VERSION = 5.0;
				TARGETED_DEVICE_FAMILY = 1;
			};
			name = Release;
		};
		2EA60F082CC453DF00B480C5 /* Debug */ = {
			isa = XCBuildConfiguration;
			buildSettings = {
				ALWAYS_EMBED_SWIFT_STANDARD_LIBRARIES = YES;
				BUNDLE_LOADER = "$(TEST_HOST)";
				CODE_SIGN_STYLE = Automatic;
				CURRENT_PROJECT_VERSION = 1;
				DEVELOPMENT_TEAM = YP4W9MBS92;
				GENERATE_INFOPLIST_FILE = YES;
				IPHONEOS_DEPLOYMENT_TARGET = 17.2;
				MARKETING_VERSION = 1.0;
				PRODUCT_BUNDLE_IDENTIFIER = com.garzafranco.CryptoCoinsTests;
				PRODUCT_NAME = "$(TARGET_NAME)";
				SWIFT_EMIT_LOC_STRINGS = NO;
				SWIFT_VERSION = 5.0;
				TARGETED_DEVICE_FAMILY = "1,2";
				TEST_HOST = "$(BUILT_PRODUCTS_DIR)/CryptoCoins.app/$(BUNDLE_EXECUTABLE_FOLDER_PATH)/CryptoCoins";
			};
			name = Debug;
		};
		2EA60F092CC453DF00B480C5 /* Release */ = {
			isa = XCBuildConfiguration;
			buildSettings = {
				ALWAYS_EMBED_SWIFT_STANDARD_LIBRARIES = YES;
				BUNDLE_LOADER = "$(TEST_HOST)";
				CODE_SIGN_STYLE = Automatic;
				CURRENT_PROJECT_VERSION = 1;
				DEVELOPMENT_TEAM = YP4W9MBS92;
				GENERATE_INFOPLIST_FILE = YES;
				IPHONEOS_DEPLOYMENT_TARGET = 17.2;
				MARKETING_VERSION = 1.0;
				PRODUCT_BUNDLE_IDENTIFIER = com.garzafranco.CryptoCoinsTests;
				PRODUCT_NAME = "$(TARGET_NAME)";
				SWIFT_EMIT_LOC_STRINGS = NO;
				SWIFT_VERSION = 5.0;
				TARGETED_DEVICE_FAMILY = "1,2";
				TEST_HOST = "$(BUILT_PRODUCTS_DIR)/CryptoCoins.app/$(BUNDLE_EXECUTABLE_FOLDER_PATH)/CryptoCoins";
			};
			name = Release;
		};
		2EA60F0B2CC453DF00B480C5 /* Debug */ = {
			isa = XCBuildConfiguration;
			buildSettings = {
				ALWAYS_EMBED_SWIFT_STANDARD_LIBRARIES = YES;
				CODE_SIGN_STYLE = Automatic;
				CURRENT_PROJECT_VERSION = 1;
				DEVELOPMENT_TEAM = YP4W9MBS92;
				GENERATE_INFOPLIST_FILE = YES;
				MARKETING_VERSION = 1.0;
				PRODUCT_BUNDLE_IDENTIFIER = com.garzafranco.CryptoCoinsUITests;
				PRODUCT_NAME = "$(TARGET_NAME)";
				SWIFT_EMIT_LOC_STRINGS = NO;
				SWIFT_VERSION = 5.0;
				TARGETED_DEVICE_FAMILY = "1,2";
				TEST_TARGET_NAME = CryptoCoins;
			};
			name = Debug;
		};
		2EA60F0C2CC453DF00B480C5 /* Release */ = {
			isa = XCBuildConfiguration;
			buildSettings = {
				ALWAYS_EMBED_SWIFT_STANDARD_LIBRARIES = YES;
				CODE_SIGN_STYLE = Automatic;
				CURRENT_PROJECT_VERSION = 1;
				DEVELOPMENT_TEAM = YP4W9MBS92;
				GENERATE_INFOPLIST_FILE = YES;
				MARKETING_VERSION = 1.0;
				PRODUCT_BUNDLE_IDENTIFIER = com.garzafranco.CryptoCoinsUITests;
				PRODUCT_NAME = "$(TARGET_NAME)";
				SWIFT_EMIT_LOC_STRINGS = NO;
				SWIFT_VERSION = 5.0;
				TARGETED_DEVICE_FAMILY = "1,2";
				TEST_TARGET_NAME = CryptoCoins;
			};
			name = Release;
		};
/* End XCBuildConfiguration section */

/* Begin XCConfigurationList section */
		2EA60EDB2CC453DE00B480C5 /* Build configuration list for PBXProject "CryptoCoins" */ = {
			isa = XCConfigurationList;
			buildConfigurations = (
				2EA60F022CC453DF00B480C5 /* Debug */,
				2EA60F032CC453DF00B480C5 /* Release */,
			);
			defaultConfigurationIsVisible = 0;
			defaultConfigurationName = Release;
		};
		2EA60F042CC453DF00B480C5 /* Build configuration list for PBXNativeTarget "CryptoCoins" */ = {
			isa = XCConfigurationList;
			buildConfigurations = (
				2EA60F052CC453DF00B480C5 /* Debug */,
				2EA60F062CC453DF00B480C5 /* Release */,
			);
			defaultConfigurationIsVisible = 0;
			defaultConfigurationName = Release;
		};
		2EA60F072CC453DF00B480C5 /* Build configuration list for PBXNativeTarget "CryptoCoinsTests" */ = {
			isa = XCConfigurationList;
			buildConfigurations = (
				2EA60F082CC453DF00B480C5 /* Debug */,
				2EA60F092CC453DF00B480C5 /* Release */,
			);
			defaultConfigurationIsVisible = 0;
			defaultConfigurationName = Release;
		};
		2EA60F0A2CC453DF00B480C5 /* Build configuration list for PBXNativeTarget "CryptoCoinsUITests" */ = {
			isa = XCConfigurationList;
			buildConfigurations = (
				2EA60F0B2CC453DF00B480C5 /* Debug */,
				2EA60F0C2CC453DF00B480C5 /* Release */,
			);
			defaultConfigurationIsVisible = 0;
			defaultConfigurationName = Release;
		};
/* End XCConfigurationList section */
	};
	rootObject = 2EA60ED82CC453DE00B480C5 /* Project object */;
}
